
Microsoft Visual Studio Solution File, Format Version 12.00
# Visual Studio Version 16
VisualStudioVersion = 16.0.31205.134
MinimumVisualStudioVersion = 10.0.40219.1
Project("{FAE04EC0-301F-11D3-BF4B-00C04F79EFBC}") = "Nutrix-C4-Model", "Nutrix-C4-Model.csproj", "{1295BE82-0072-40EB-BEE3-43F14B39D8FF}"
EndProject
Global
	GlobalSection(SolutionConfigurationPlatforms) = preSolution
		Debug|Any CPU = Debug|Any CPU
		Release|Any CPU = Release|Any CPU
	EndGlobalSection
	GlobalSection(ProjectConfigurationPlatforms) = postSolution
		{1295BE82-0072-40EB-BEE3-43F14B39D8FF}.Debug|Any CPU.ActiveCfg = Debug|Any CPU
		{1295BE82-0072-40EB-BEE3-43F14B39D8FF}.Debug|Any CPU.Build.0 = Debug|Any CPU
		{1295BE82-0072-40EB-BEE3-43F14B39D8FF}.Release|Any CPU.ActiveCfg = Release|Any CPU
		{1295BE82-0072-40EB-BEE3-43F14B39D8FF}.Release|Any CPU.Build.0 = Release|Any CPU
	EndGlobalSection
	GlobalSection(SolutionProperties) = preSolution
		HideSolutionNode = FALSE
	EndGlobalSection
	GlobalSection(ExtensibilityGlobals) = postSolution
		SolutionGuid = {6FAAEF9C-236B-4CBB-85DB-DD9C548B9711}
	EndGlobalSection
EndGlobal
